
Microsoft Visual Studio Solution File, Format Version 12.00
# Visual Studio 15
VisualStudioVersion = 15.0.26730.3
MinimumVisualStudioVersion = 10.0.40219.1
Project("{9A19103F-16F7-4668-BE54-9A1E7A4F7556}") = "MovieMania", "MovieMania\MovieMania.csproj", "{BE7B00A5-D2C1-4769-8038-95D17C65DF36}"
EndProject
Project("{2150E333-8FDC-42A3-9474-1A3956D46DE8}") = "00-Notes", "00-Notes", "{F6784555-2731-4469-A224-D0180E17B909}"
EndProject
Project("{2150E333-8FDC-42A3-9474-1A3956D46DE8}") = "01-Business", "01-Business", "{725DAA7C-A9A7-4AD1-B15D-DB4AE56CE9C9}"
EndProject
Project("{2150E333-8FDC-42A3-9474-1A3956D46DE8}") = "02-Infrastructure", "02-Infrastructure", "{17C1AD9F-CCDF-47FC-8F7A-0884E9D0238F}"
EndProject
Project("{2150E333-8FDC-42A3-9474-1A3956D46DE8}") = "03-Presentation", "03-Presentation", "{0A89E55A-0D7C-4A0A-89D7-0BA72E149304}"
EndProject
Project("{2150E333-8FDC-42A3-9474-1A3956D46DE8}") = "Web", "Web", "{01EEBC01-8E3E-4833-B085-14F9EBAD4182}"
EndProject
Global
	GlobalSection(SolutionConfigurationPlatforms) = preSolution
		Debug|Any CPU = Debug|Any CPU
		Release|Any CPU = Release|Any CPU
	EndGlobalSection
	GlobalSection(ProjectConfigurationPlatforms) = postSolution
		{BE7B00A5-D2C1-4769-8038-95D17C65DF36}.Debug|Any CPU.ActiveCfg = Debug|Any CPU
		{BE7B00A5-D2C1-4769-8038-95D17C65DF36}.Debug|Any CPU.Build.0 = Debug|Any CPU
		{BE7B00A5-D2C1-4769-8038-95D17C65DF36}.Release|Any CPU.ActiveCfg = Release|Any CPU
		{BE7B00A5-D2C1-4769-8038-95D17C65DF36}.Release|Any CPU.Build.0 = Release|Any CPU
	EndGlobalSection
	GlobalSection(SolutionProperties) = preSolution
		HideSolutionNode = FALSE
	EndGlobalSection
	GlobalSection(NestedProjects) = preSolution
		{BE7B00A5-D2C1-4769-8038-95D17C65DF36} = {01EEBC01-8E3E-4833-B085-14F9EBAD4182}
		{01EEBC01-8E3E-4833-B085-14F9EBAD4182} = {0A89E55A-0D7C-4A0A-89D7-0BA72E149304}
	EndGlobalSection
	GlobalSection(ExtensibilityGlobals) = postSolution
		SolutionGuid = {3127F42B-4EEA-47CC-9371-0A9C2AC5C022}
	EndGlobalSection
EndGlobal
